<Solution>
  <Folder Name="/src/" />
  <Folder Name="/src/shared/">
    <Project Path="src/shared/WorkerTransfer.Contracts.Consent/WorkerTransfer.Contracts.Consent.csproj" />
    <Project Path="src/shared/WorkerTransfer.Contracts.Erasure/WorkerTransfer.Contracts.Erasure.csproj" />
    <Project Path="src/shared/WorkerTransfer.Contracts.Identity/WorkerTransfer.Contracts.Identity.csproj" />
    <Project Path="src/shared/WorkerTransfer.Outbox/WorkerTransfer.Outbox.csproj" />
    <Project Path="src/shared/WorkerTransfer.ServiceDefaults/WorkerTransfer.ServiceDefaults.csproj" />
  </Folder>
  <Folder Name="/src/consent-service/">
    <Project Path="src/consent-service/WorkerTransfer.Consent.Api/WorkerTransfer.Consent.Api.csproj" />
    <Project Path="src/consent-service/WorkerTransfer.Consent.Application/WorkerTransfer.Consent.Application.csproj" />
    <Project Path="src/consent-service/WorkerTransfer.Consent.Contracts/WorkerTransfer.Consent.Contracts.csproj" />
    <Project Path="src/consent-service/WorkerTransfer.Consent.Domain/WorkerTransfer.Consent.Domain.csproj" />
    <Project Path="src/consent-service/WorkerTransfer.Consent.Infrastructure/WorkerTransfer.Consent.Infrastructure.csproj" />
  </Folder>
  <Folder Name="/src/identity-service/">
    <Project Path="src/identity-service/WorkerTransfer.Identity.Api/WorkerTransfer.Identity.Api.csproj" />
    <Project Path="src/identity-service/WorkerTransfer.Identity.Application/WorkerTransfer.Identity.Application.csproj" />
    <Project Path="src/identity-service/WorkerTransfer.Identity.Contracts/WorkerTransfer.Identity.Contracts.csproj" />
    <Project Path="src/identity-service/WorkerTransfer.Identity.Domain/WorkerTransfer.Identity.Domain.csproj" />
    <Project Path="src/identity-service/WorkerTransfer.Identity.Infrastructure/WorkerTransfer.Identity.Infrastructure.csproj" />
  </Folder>
  <Folder Name="/src/resume-service/">
    <Project Path="src/resume-service/WorkerTransfer.Resume.Api/WorkerTransfer.Resume.Api.csproj" />
    <Project Path="src/resume-service/WorkerTransfer.Resume.Application/WorkerTransfer.Resume.Application.csproj" />
    <Project Path="src/resume-service/WorkerTransfer.Resume.Contracts/WorkerTransfer.Resume.Contracts.csproj" />
    <Project Path="src/resume-service/WorkerTransfer.Resume.Domain/WorkerTransfer.Resume.Domain.csproj" />
    <Project Path="src/resume-service/WorkerTransfer.Resume.Infrastructure/WorkerTransfer.Resume.Infrastructure.csproj" />
  </Folder>
  <Folder Name="/tests/">
    <Project Path="tests/WorkerTransfer.Consent.Tests/WorkerTransfer.Consent.Tests.csproj" />
    <Project Path="tests/WorkerTransfer.Identity.Tests/WorkerTransfer.Identity.Tests.csproj" />
    <Project Path="tests/WorkerTransfer.Outbox.Tests/WorkerTransfer.Outbox.Tests.csproj" />
    <Project Path="tests/WorkerTransfer.Resume.Tests/WorkerTransfer.Resume.Tests.csproj" />
  </Folder>
</Solution>
