<Solution>
  <Folder Name="/src/" />
  <Folder Name="/src/shared/">
    <Project Path="src/shared/WorkerTransfer.Contracts.Consent/WorkerTransfer.Contracts.Consent.csproj" />
    <Project Path="src/shared/WorkerTransfer.Contracts.Erasure/WorkerTransfer.Contracts.Erasure.csproj" />
    <Project Path="src/shared/WorkerTransfer.Contracts.Identity/WorkerTransfer.Contracts.Identity.csproj" />
    <Project Path="src/shared/WorkerTransfer.Outbox/WorkerTransfer.Outbox.csproj" />
    <Project Path="src/shared/WorkerTransfer.ServiceDefaults/WorkerTransfer.ServiceDefaults.csproj" />
  </Folder>
  <Folder Name="/src/identity-service/">
    <Project Path="src/identity-service/WorkerTransfer.Identity.Api/WorkerTransfer.Identity.Api.csproj" />
    <Project Path="src/identity-service/WorkerTransfer.Identity.Application/WorkerTransfer.Identity.Application.csproj" />
    <Project Path="src/identity-service/WorkerTransfer.Identity.Contracts/WorkerTransfer.Identity.Contracts.csproj" />
    <Project Path="src/identity-service/WorkerTransfer.Identity.Domain/WorkerTransfer.Identity.Domain.csproj" />
    <Project Path="src/identity-service/WorkerTransfer.Identity.Infrastructure/WorkerTransfer.Identity.Infrastructure.csproj" />
  </Folder>
  <Folder Name="/tests/">
    <Project Path="tests/WorkerTransfer.Identity.Tests/WorkerTransfer.Identity.Tests.csproj" />
    <Project Path="tests/WorkerTransfer.Outbox.Tests/WorkerTransfer.Outbox.Tests.csproj" />
  </Folder>
</Solution>
